
Microsoft Visual Studio Solution File, Format Version 12.00
# Visual Studio Version 16
VisualStudioVersion = 16.0.29905.134
MinimumVisualStudioVersion = 10.0.40219.1
Project("{FAE04EC0-301F-11D3-BF4B-00C04F79EFBC}") = "LinkedListWPFSimulator", "LinkedListWPFSimulator\LinkedListWPFSimulator.csproj", "{FDF7C512-CDAA-4E5F-A7D8-EF4EDFE0FDFF}"
EndProject
Global
	GlobalSection(SolutionConfigurationPlatforms) = preSolution
		Debug|Any CPU = Debug|Any CPU
		Release|Any CPU = Release|Any CPU
	EndGlobalSection
	GlobalSection(ProjectConfigurationPlatforms) = postSolution
		{FDF7C512-CDAA-4E5F-A7D8-EF4EDFE0FDFF}.Debug|Any CPU.ActiveCfg = Debug|Any CPU
		{FDF7C512-CDAA-4E5F-A7D8-EF4EDFE0FDFF}.Debug|Any CPU.Build.0 = Debug|Any CPU
		{FDF7C512-CDAA-4E5F-A7D8-EF4EDFE0FDFF}.Release|Any CPU.ActiveCfg = Release|Any CPU
		{FDF7C512-CDAA-4E5F-A7D8-EF4EDFE0FDFF}.Release|Any CPU.Build.0 = Release|Any CPU
	EndGlobalSection
	GlobalSection(SolutionProperties) = preSolution
		HideSolutionNode = FALSE
	EndGlobalSection
	GlobalSection(ExtensibilityGlobals) = postSolution
		SolutionGuid = {D466CA3A-DFC6-4686-9638-C8D6CAA0168F}
	EndGlobalSection
EndGlobal
